
Microsoft Visual Studio Solution File, Format Version 12.00
# Visual Studio 15
VisualStudioVersion = 15.0.28307.645
MinimumVisualStudioVersion = 10.0.40219.1
Project("{FAE04EC0-301F-11D3-BF4B-00C04F79EFBC}") = "FrequencyTableGenerator", "BasicTokeniser\FrequencyTableGenerator.csproj", "{1D1B8622-5D49-426B-8BFA-281B80C58075}"
EndProject
Global
	GlobalSection(SolutionConfigurationPlatforms) = preSolution
		Debug|Any CPU = Debug|Any CPU
		Release|Any CPU = Release|Any CPU
	EndGlobalSection
	GlobalSection(ProjectConfigurationPlatforms) = postSolution
		{1D1B8622-5D49-426B-8BFA-281B80C58075}.Debug|Any CPU.ActiveCfg = Debug|Any CPU
		{1D1B8622-5D49-426B-8BFA-281B80C58075}.Debug|Any CPU.Build.0 = Debug|Any CPU
		{1D1B8622-5D49-426B-8BFA-281B80C58075}.Release|Any CPU.ActiveCfg = Release|Any CPU
		{1D1B8622-5D49-426B-8BFA-281B80C58075}.Release|Any CPU.Build.0 = Release|Any CPU
	EndGlobalSection
	GlobalSection(SolutionProperties) = preSolution
		HideSolutionNode = FALSE
	EndGlobalSection
	GlobalSection(ExtensibilityGlobals) = postSolution
		SolutionGuid = {04B91BC7-A686-40B1-8884-C63EF45D0CAC}
	EndGlobalSection
EndGlobal
